
Microsoft Visual Studio Solution File, Format Version 12.00
# Visual Studio Version 16
VisualStudioVersion = 16.0.30523.141
MinimumVisualStudioVersion = 10.0.40219.1
Project("{9A19103F-16F7-4668-BE54-9A1E7A4F7556}") = "Product.Business", "Product.Business.csproj", "{FFDB9C87-75E2-415D-B7EF-EF822CDCC533}"
EndProject
Project("{FAE04EC0-301F-11D3-BF4B-00C04F79EFBC}") = "DistributedCachingService", "..\CachingService\DistributedCachingService.csproj", "{DE98CC54-C5D8-475D-8CFE-70F9495231B8}"
EndProject
Global
	GlobalSection(SolutionConfigurationPlatforms) = preSolution
		Debug|Any CPU = Debug|Any CPU
		Release|Any CPU = Release|Any CPU
	EndGlobalSection
	GlobalSection(ProjectConfigurationPlatforms) = postSolution
		{FFDB9C87-75E2-415D-B7EF-EF822CDCC533}.Debug|Any CPU.ActiveCfg = Debug|Any CPU
		{FFDB9C87-75E2-415D-B7EF-EF822CDCC533}.Debug|Any CPU.Build.0 = Debug|Any CPU
		{FFDB9C87-75E2-415D-B7EF-EF822CDCC533}.Release|Any CPU.ActiveCfg = Release|Any CPU
		{FFDB9C87-75E2-415D-B7EF-EF822CDCC533}.Release|Any CPU.Build.0 = Release|Any CPU
		{DE98CC54-C5D8-475D-8CFE-70F9495231B8}.Debug|Any CPU.ActiveCfg = Debug|Any CPU
		{DE98CC54-C5D8-475D-8CFE-70F9495231B8}.Debug|Any CPU.Build.0 = Debug|Any CPU
		{DE98CC54-C5D8-475D-8CFE-70F9495231B8}.Release|Any CPU.ActiveCfg = Release|Any CPU
		{DE98CC54-C5D8-475D-8CFE-70F9495231B8}.Release|Any CPU.Build.0 = Release|Any CPU
	EndGlobalSection
	GlobalSection(SolutionProperties) = preSolution
		HideSolutionNode = FALSE
	EndGlobalSection
	GlobalSection(ExtensibilityGlobals) = postSolution
		SolutionGuid = {710328D6-A278-4719-AB2B-84115EE7C2A3}
	EndGlobalSection
EndGlobal
